// !$*UTF8*$!
{
	archiveVersion = 1;
	classes = {
	};
	objectVersion = 55;
	objects = {

/* Begin PBXBuildFile section */
		3249B9542AB0FEF800050E1D /* main.cpp in Sources */ = {isa = PBXBuildFile; fileRef = 3249B9532AB0FEF800050E1D /* main.cpp */; };
		3249B95C2AB0FF1C00050E1D /* RAM.cpp in Sources */ = {isa = PBXBuildFile; fileRef = 3249B95A2AB0FF1C00050E1D /* RAM.cpp */; };
		3249B95F2AB0FF2E00050E1D /* Laptop.cpp in Sources */ = {isa = PBXBuildFile; fileRef = 3249B95D2AB0FF2E00050E1D /* Laptop.cpp */; };
		3249B9622AB0FF3D00050E1D /* VideoCard.cpp in Sources */ = {isa = PBXBuildFile; fileRef = 3249B9602AB0FF3D00050E1D /* VideoCard.cpp */; };
		3249B9652AB0FF4700050E1D /* SSD.cpp in Sources */ = {isa = PBXBuildFile; fileRef = 3249B9632AB0FF4700050E1D /* SSD.cpp */; };
		3249B9682AB0FF5700050E1D /* CPU.cpp in Sources */ = {isa = PBXBuildFile; fileRef = 3249B9662AB0FF5700050E1D /* CPU.cpp */; };
/* End PBXBuildFile section */

/* Begin PBXCopyFilesBuildPhase section */
		3249B94E2AB0FEF800050E1D /* CopyFiles */ = {
			isa = PBXCopyFilesBuildPhase;
			buildActionMask = 2147483647;
			dstPath = /usr/share/man/man1/;
			dstSubfolderSpec = 0;
			files = (
			);
			runOnlyForDeploymentPostprocessing = 1;
		};
/* End PBXCopyFilesBuildPhase section */

/* Begin PBXFileReference section */
		3249B9502AB0FEF800050E1D /* hw6 */ = {isa = PBXFileReference; explicitFileType = "compiled.mach-o.executable"; includeInIndex = 0; path = hw6; sourceTree = BUILT_PRODUCTS_DIR; };
		3249B9532AB0FEF800050E1D /* main.cpp */ = {isa = PBXFileReference; lastKnownFileType = sourcecode.cpp.cpp; path = main.cpp; sourceTree = "<group>"; };
		3249B95A2AB0FF1C00050E1D /* RAM.cpp */ = {isa = PBXFileReference; lastKnownFileType = sourcecode.cpp.cpp; path = RAM.cpp; sourceTree = "<group>"; };
		3249B95B2AB0FF1C00050E1D /* RAM.hpp */ = {isa = PBXFileReference; lastKnownFileType = sourcecode.cpp.h; path = RAM.hpp; sourceTree = "<group>"; };
		3249B95D2AB0FF2E00050E1D /* Laptop.cpp */ = {isa = PBXFileReference; lastKnownFileType = sourcecode.cpp.cpp; path = Laptop.cpp; sourceTree = "<group>"; };
		3249B95E2AB0FF2E00050E1D /* Laptop.hpp */ = {isa = PBXFileReference; lastKnownFileType = sourcecode.cpp.h; path = Laptop.hpp; sourceTree = "<group>"; };
		3249B9602AB0FF3D00050E1D /* VideoCard.cpp */ = {isa = PBXFileReference; lastKnownFileType = sourcecode.cpp.cpp; path = VideoCard.cpp; sourceTree = "<group>"; };
		3249B9612AB0FF3D00050E1D /* VideoCard.hpp */ = {isa = PBXFileReference; lastKnownFileType = sourcecode.cpp.h; path = VideoCard.hpp; sourceTree = "<group>"; };
		3249B9632AB0FF4700050E1D /* SSD.cpp */ = {isa = PBXFileReference; lastKnownFileType = sourcecode.cpp.cpp; path = SSD.cpp; sourceTree = "<group>"; };
		3249B9642AB0FF4700050E1D /* SSD.hpp */ = {isa = PBXFileReference; lastKnownFileType = sourcecode.cpp.h; path = SSD.hpp; sourceTree = "<group>"; };
		3249B9662AB0FF5700050E1D /* CPU.cpp */ = {isa = PBXFileReference; lastKnownFileType = sourcecode.cpp.cpp; path = CPU.cpp; sourceTree = "<group>"; };
		3249B9672AB0FF5700050E1D /* CPU.hpp */ = {isa = PBXFileReference; lastKnownFileType = sourcecode.cpp.h; path = CPU.hpp; sourceTree = "<group>"; };
/* End PBXFileReference section */

/* Begin PBXFrameworksBuildPhase section */
		3249B94D2AB0FEF800050E1D /* Frameworks */ = {
			isa = PBXFrameworksBuildPhase;
			buildActionMask = 2147483647;
			files = (
			);
			runOnlyForDeploymentPostprocessing = 0;
		};
/* End PBXFrameworksBuildPhase section */

/* Begin PBXGroup section */
		3249B9472AB0FEF800050E1D = {
			isa = PBXGroup;
			children = (
				3249B9522AB0FEF800050E1D /* hw6 */,
				3249B9512AB0FEF800050E1D /* Products */,
			);
			sourceTree = "<group>";
		};
		3249B9512AB0FEF800050E1D /* Products */ = {
			isa = PBXGroup;
			children = (
				3249B9502AB0FEF800050E1D /* hw6 */,
			);
			name = Products;
			sourceTree = "<group>";
		};
		3249B9522AB0FEF800050E1D /* hw6 */ = {
			isa = PBXGroup;
			children = (
				3249B9532AB0FEF800050E1D /* main.cpp */,
				3249B95A2AB0FF1C00050E1D /* RAM.cpp */,
				3249B95D2AB0FF2E00050E1D /* Laptop.cpp */,
				3249B9602AB0FF3D00050E1D /* VideoCard.cpp */,
				3249B9632AB0FF4700050E1D /* SSD.cpp */,
				3249B9662AB0FF5700050E1D /* CPU.cpp */,
				3249B9672AB0FF5700050E1D /* CPU.hpp */,
				3249B9642AB0FF4700050E1D /* SSD.hpp */,
				3249B9612AB0FF3D00050E1D /* VideoCard.hpp */,
				3249B95E2AB0FF2E00050E1D /* Laptop.hpp */,
				3249B95B2AB0FF1C00050E1D /* RAM.hpp */,
			);
			path = hw6;
			sourceTree = "<group>";
		};
/* End PBXGroup section */

/* Begin PBXNativeTarget section */
		3249B94F2AB0FEF800050E1D /* hw6 */ = {
			isa = PBXNativeTarget;
			buildConfigurationList = 3249B9572AB0FEF800050E1D /* Build configuration list for PBXNativeTarget "hw6" */;
			buildPhases = (
				3249B94C2AB0FEF800050E1D /* Sources */,
				3249B94D2AB0FEF800050E1D /* Frameworks */,
				3249B94E2AB0FEF800050E1D /* CopyFiles */,
			);
			buildRules = (
			);
			dependencies = (
			);
			name = hw6;
			productName = hw6;
			productReference = 3249B9502AB0FEF800050E1D /* hw6 */;
			productType = "com.apple.product-type.tool";
		};
/* End PBXNativeTarget section */

/* Begin PBXProject section */
		3249B9482AB0FEF800050E1D /* Project object */ = {
			isa = PBXProject;
			attributes = {
				BuildIndependentTargetsInParallel = 1;
				LastUpgradeCheck = 1340;
				TargetAttributes = {
					3249B94F2AB0FEF800050E1D = {
						CreatedOnToolsVersion = 13.4.1;
					};
				};
			};
			buildConfigurationList = 3249B94B2AB0FEF800050E1D /* Build configuration list for PBXProject "hw6" */;
			compatibilityVersion = "Xcode 13.0";
			developmentRegion = en;
			hasScannedForEncodings = 0;
			knownRegions = (
				en,
				Base,
			);
			mainGroup = 3249B9472AB0FEF800050E1D;
			productRefGroup = 3249B9512AB0FEF800050E1D /* Products */;
			projectDirPath = "";
			projectRoot = "";
			targets = (
				3249B94F2AB0FEF800050E1D /* hw6 */,
			);
		};
/* End PBXProject section */

/* Begin PBXSourcesBuildPhase section */
		3249B94C2AB0FEF800050E1D /* Sources */ = {
			isa = PBXSourcesBuildPhase;
			buildActionMask = 2147483647;
			files = (
				3249B9682AB0FF5700050E1D /* CPU.cpp in Sources */,
				3249B95C2AB0FF1C00050E1D /* RAM.cpp in Sources */,
				3249B95F2AB0FF2E00050E1D /* Laptop.cpp in Sources */,
				3249B9542AB0FEF800050E1D /* main.cpp in Sources */,
				3249B9622AB0FF3D00050E1D /* VideoCard.cpp in Sources */,
				3249B9652AB0FF4700050E1D /* SSD.cpp in Sources */,
			);
			runOnlyForDeploymentPostprocessing = 0;
		};
/* End PBXSourcesBuildPhase section */

/* Begin XCBuildConfiguration section */
		3249B9552AB0FEF800050E1D /* Debug */ = {
			isa = XCBuildConfiguration;
			buildSettings = {
				ALWAYS_SEARCH_USER_PATHS = NO;
				CLANG_ANALYZER_NONNULL = YES;
				CLANG_ANALYZER_NUMBER_OBJECT_CONVERSION = YES_AGGRESSIVE;
				CLANG_CXX_LANGUAGE_STANDARD = "gnu++17";
				CLANG_ENABLE_MODULES = YES;
				CLANG_ENABLE_OBJC_ARC = YES;
				CLANG_ENABLE_OBJC_WEAK = YES;
				CLANG_WARN_BLOCK_CAPTURE_AUTORELEASING = YES;
				CLANG_WARN_BOOL_CONVERSION = YES;
				CLANG_WARN_COMMA = YES;
				CLANG_WARN_CONSTANT_CONVERSION = YES;
				CLANG_WARN_DEPRECATED_OBJC_IMPLEMENTATIONS = YES;
				CLANG_WARN_DIRECT_OBJC_ISA_USAGE = YES_ERROR;
				CLANG_WARN_DOCUMENTATION_COMMENTS = YES;
				CLANG_WARN_EMPTY_BODY = YES;
				CLANG_WARN_ENUM_CONVERSION = YES;
				CLANG_WARN_INFINITE_RECURSION = YES;
				CLANG_WARN_INT_CONVERSION = YES;
				CLANG_WARN_NON_LITERAL_NULL_CONVERSION = YES;
				CLANG_WARN_OBJC_IMPLICIT_RETAIN_SELF = YES;
				CLANG_WARN_OBJC_LITERAL_CONVERSION = YES;
				CLANG_WARN_OBJC_ROOT_CLASS = YES_ERROR;
				CLANG_WARN_QUOTED_INCLUDE_IN_FRAMEWORK_HEADER = YES;
				CLANG_WARN_RANGE_LOOP_ANALYSIS = YES;
				CLANG_WARN_STRICT_PROTOTYPES = YES;
				CLANG_WARN_SUSPICIOUS_MOVE = YES;
				CLANG_WARN_UNGUARDED_AVAILABILITY = YES_AGGRESSIVE;
				CLANG_WARN_UNREACHABLE_CODE = YES;
				CLANG_WARN__DUPLICATE_METHOD_MATCH = YES;
				COPY_PHASE_STRIP = NO;
				DEBUG_INFORMATION_FORMAT = dwarf;
				ENABLE_STRICT_OBJC_MSGSEND = YES;
				ENABLE_TESTABILITY = YES;
				GCC_C_LANGUAGE_STANDARD = gnu11;
				GCC_DYNAMIC_NO_PIC = NO;
				GCC_NO_COMMON_BLOCKS = YES;
				GCC_OPTIMIZATION_LEVEL = 0;
				GCC_PREPROCESSOR_DEFINITIONS = (
					"DEBUG=1",
					"$(inherited)",
				);
				GCC_WARN_64_TO_32_BIT_CONVERSION = YES;
				GCC_WARN_ABOUT_RETURN_TYPE = YES_ERROR;
				GCC_WARN_UNDECLARED_SELECTOR = YES;
				GCC_WARN_UNINITIALIZED_AUTOS = YES_AGGRESSIVE;
				GCC_WARN_UNUSED_FUNCTION = YES;
				GCC_WARN_UNUSED_VARIABLE = YES;
				MACOSX_DEPLOYMENT_TARGET = 12.1;
				MTL_ENABLE_DEBUG_INFO = INCLUDE_SOURCE;
				MTL_FAST_MATH = YES;
				ONLY_ACTIVE_ARCH = YES;
				SDKROOT = macosx;
			};
			name = Debug;
		};
		3249B9562AB0FEF800050E1D /* Release */ = {
			isa = XCBuildConfiguration;
			buildSettings = {
				ALWAYS_SEARCH_USER_PATHS = NO;
				CLANG_ANALYZER_NONNULL = YES;
				CLANG_ANALYZER_NUMBER_OBJECT_CONVERSION = YES_AGGRESSIVE;
				CLANG_CXX_LANGUAGE_STANDARD = "gnu++17";
				CLANG_ENABLE_MODULES = YES;
				CLANG_ENABLE_OBJC_ARC = YES;
				CLANG_ENABLE_OBJC_WEAK = YES;
				CLANG_WARN_BLOCK_CAPTURE_AUTORELEASING = YES;
				CLANG_WARN_BOOL_CONVERSION = YES;
				CLANG_WARN_COMMA = YES;
				CLANG_WARN_CONSTANT_CONVERSION = YES;
				CLANG_WARN_DEPRECATED_OBJC_IMPLEMENTATIONS = YES;
				CLANG_WARN_DIRECT_OBJC_ISA_USAGE = YES_ERROR;
				CLANG_WARN_DOCUMENTATION_COMMENTS = YES;
				CLANG_WARN_EMPTY_BODY = YES;
				CLANG_WARN_ENUM_CONVERSION = YES;
				CLANG_WARN_INFINITE_RECURSION = YES;
				CLANG_WARN_INT_CONVERSION = YES;
				CLANG_WARN_NON_LITERAL_NULL_CONVERSION = YES;
				CLANG_WARN_OBJC_IMPLICIT_RETAIN_SELF = YES;
				CLANG_WARN_OBJC_LITERAL_CONVERSION = YES;
				CLANG_WARN_OBJC_ROOT_CLASS = YES_ERROR;
				CLANG_WARN_QUOTED_INCLUDE_IN_FRAMEWORK_HEADER = YES;
				CLANG_WARN_RANGE_LOOP_ANALYSIS = YES;
				CLANG_WARN_STRICT_PROTOTYPES = YES;
				CLANG_WARN_SUSPICIOUS_MOVE = YES;
				CLANG_WARN_UNGUARDED_AVAILABILITY = YES_AGGRESSIVE;
				CLANG_WARN_UNREACHABLE_CODE = YES;
				CLANG_WARN__DUPLICATE_METHOD_MATCH = YES;
				COPY_PHASE_STRIP = NO;
				DEBUG_INFORMATION_FORMAT = "dwarf-with-dsym";
				ENABLE_NS_ASSERTIONS = NO;
				ENABLE_STRICT_OBJC_MSGSEND = YES;
				GCC_C_LANGUAGE_STANDARD = gnu11;
				GCC_NO_COMMON_BLOCKS = YES;
				GCC_WARN_64_TO_32_BIT_CONVERSION = YES;
				GCC_WARN_ABOUT_RETURN_TYPE = YES_ERROR;
				GCC_WARN_UNDECLARED_SELECTOR = YES;
				GCC_WARN_UNINITIALIZED_AUTOS = YES_AGGRESSIVE;
				GCC_WARN_UNUSED_FUNCTION = YES;
				GCC_WARN_UNUSED_VARIABLE = YES;
				MACOSX_DEPLOYMENT_TARGET = 12.1;
				MTL_ENABLE_DEBUG_INFO = NO;
				MTL_FAST_MATH = YES;
				SDKROOT = macosx;
			};
			name = Release;
		};
		3249B9582AB0FEF800050E1D /* Debug */ = {
			isa = XCBuildConfiguration;
			buildSettings = {
				CODE_SIGN_STYLE = Automatic;
				PRODUCT_NAME = "$(TARGET_NAME)";
			};
			name = Debug;
		};
		3249B9592AB0FEF800050E1D /* Release */ = {
			isa = XCBuildConfiguration;
			buildSettings = {
				CODE_SIGN_STYLE = Automatic;
				PRODUCT_NAME = "$(TARGET_NAME)";
			};
			name = Release;
		};
/* End XCBuildConfiguration section */

/* Begin XCConfigurationList section */
		3249B94B2AB0FEF800050E1D /* Build configuration list for PBXProject "hw6" */ = {
			isa = XCConfigurationList;
			buildConfigurations = (
				3249B9552AB0FEF800050E1D /* Debug */,
				3249B9562AB0FEF800050E1D /* Release */,
			);
			defaultConfigurationIsVisible = 0;
			defaultConfigurationName = Release;
		};
		3249B9572AB0FEF800050E1D /* Build configuration list for PBXNativeTarget "hw6" */ = {
			isa = XCConfigurationList;
			buildConfigurations = (
				3249B9582AB0FEF800050E1D /* Debug */,
				3249B9592AB0FEF800050E1D /* Release */,
			);
			defaultConfigurationIsVisible = 0;
			defaultConfigurationName = Release;
		};
/* End XCConfigurationList section */
	};
	rootObject = 3249B9482AB0FEF800050E1D /* Project object */;
}
